
Microsoft Visual Studio Solution File, Format Version 12.00
# Visual Studio Version 17
VisualStudioVersion = 17.0.32112.339
MinimumVisualStudioVersion = 10.0.40219.1
Project("{9A19103F-16F7-4668-BE54-9A1E7A4F7556}") = "IDE_UITest", "IDE_UITest.csproj", "{9466007D-073B-492F-90C1-1ACC270CBF09}"
EndProject
Global
	GlobalSection(SolutionConfigurationPlatforms) = preSolution
		Debug|Any CPU = Debug|Any CPU
		Release|Any CPU = Release|Any CPU
	EndGlobalSection
	GlobalSection(ProjectConfigurationPlatforms) = postSolution
		{9466007D-073B-492F-90C1-1ACC270CBF09}.Debug|Any CPU.ActiveCfg = Debug|Any CPU
		{9466007D-073B-492F-90C1-1ACC270CBF09}.Debug|Any CPU.Build.0 = Debug|Any CPU
		{9466007D-073B-492F-90C1-1ACC270CBF09}.Release|Any CPU.ActiveCfg = Release|Any CPU
		{9466007D-073B-492F-90C1-1ACC270CBF09}.Release|Any CPU.Build.0 = Release|Any CPU
	EndGlobalSection
	GlobalSection(SolutionProperties) = preSolution
		HideSolutionNode = FALSE
	EndGlobalSection
	GlobalSection(ExtensibilityGlobals) = postSolution
		SolutionGuid = {131AC9E0-2ACD-4514-B08D-20E014378573}
	EndGlobalSection
EndGlobal
