
Microsoft Visual Studio Solution File, Format Version 12.00
# Visual Studio Version 17
VisualStudioVersion = 17.0.31825.309
MinimumVisualStudioVersion = 10.0.40219.1
Project("{9A19103F-16F7-4668-BE54-9A1E7A4F7556}") = "PortingAssistantExtensionServer", "PortingAssistantExtensionServer\PortingAssistantExtensionServer.csproj", "{C5AB8561-6942-4447-B5BC-E9035F07C037}"
EndProject
Project("{2150E333-8FDC-42A3-9474-1A3956D46DE8}") = "Solution Items", "Solution Items", "{DB5D2654-CBDD-4510-84A9-13864AC8A302}"
	ProjectSection(SolutionItems) = preProject
		.editorconfig = .editorconfig
	EndProjectSection
EndProject
Project("{9A19103F-16F7-4668-BE54-9A1E7A4F7556}") = "PortingAssistantExtensionTelemetry", "PortingAssistantExtensionTelemetry\PortingAssistantExtensionTelemetry.csproj", "{F8BE7265-AECD-4D6E-9AEB-A6CEB31FA4E4}"
EndProject
Project("{9A19103F-16F7-4668-BE54-9A1E7A4F7556}") = "PortingAssistantExtensionUnitTest", "PortingAssistantExtensionUnitTest\PortingAssistantExtensionUnitTest.csproj", "{5C06E58C-8F0D-47DC-AF8C-B0C6ADE53661}"
EndProject
Project("{9A19103F-16F7-4668-BE54-9A1E7A4F7556}") = "PortingAssistantExtensionIntegTests", "..\tst\PortingAssistantExtensionIntegTests\PortingAssistantExtensionIntegTests.csproj", "{82311002-05CF-40B6-A5D1-9D7D6809A16C}"
EndProject
Project("{D954291E-2A0B-460D-934E-DC6B0785DB48}") = "PortingAssistantExtensionClientShared", "PortingAssistantExtensionClientShared\PortingAssistantExtensionClientShared.shproj", "{90359DE2-01A5-4346-B513-4B057DE45EF8}"
EndProject
Project("{FAE04EC0-301F-11D3-BF4B-00C04F79EFBC}") = "PortingAssistantVSExtensionClient2019", "PortingAssistantVSExtensionClient2019\PortingAssistantVSExtensionClient2019.csproj", "{1D66ECB9-5E4A-47F0-BD62-10C4B291FDDC}"
EndProject
Project("{FAE04EC0-301F-11D3-BF4B-00C04F79EFBC}") = "PortingAssistantVSExtensionClient2022", "PortingAssistantVSExtensionClient2022\PortingAssistantVSExtensionClient2022.csproj", "{1D66ECB9-5E4A-47F0-BD62-10C4B291FDEF}"
EndProject
Project("{9A19103F-16F7-4668-BE54-9A1E7A4F7556}") = "Codelyzer.Analysis.Common", "..\..\codelyzer\src\Analysis\Codelyzer.Analysis.Common\Codelyzer.Analysis.Common.csproj", "{17DC272B-35D1-4F30-BF95-9A75B07921E3}"
EndProject
Project("{9A19103F-16F7-4668-BE54-9A1E7A4F7556}") = "Codelyzer.Analysis", "..\..\codelyzer\src\Analysis\Codelyzer.Analysis\Codelyzer.Analysis.csproj", "{EF690584-845E-4D60-B945-B5B5ECA97F91}"
	ProjectSection(ProjectDependencies) = postProject
		{17DC272B-35D1-4F30-BF95-9A75B07921E3} = {17DC272B-35D1-4F30-BF95-9A75B07921E3}
	EndProjectSection
EndProject
Project("{9A19103F-16F7-4668-BE54-9A1E7A4F7556}") = "PortingAssistant.Client.Common", "..\..\porting-assistant-dotnet-client\src\PortingAssistant.Client.Common\PortingAssistant.Client.Common.csproj", "{74CD4895-D96C-44C5-950C-C2528912620E}"
EndProject
Project("{9A19103F-16F7-4668-BE54-9A1E7A4F7556}") = "PortingAssistant.Client.Client", "..\..\porting-assistant-dotnet-client\src\PortingAssistant.Client.Client\PortingAssistant.Client.Client.csproj", "{F5C4D5A2-C0D2-4912-BF87-89EDC663662C}"
EndProject
Project("{9A19103F-16F7-4668-BE54-9A1E7A4F7556}") = "PortingAssistant.Client.Analysis", "..\..\porting-assistant-dotnet-client\src\PortingAssistant.Client.Analysis\PortingAssistant.Client.Analysis.csproj", "{F957AC8D-283B-4A28-8163-28DCACFD3482}"
EndProject
Project("{9A19103F-16F7-4668-BE54-9A1E7A4F7556}") = "PortingAssistant.Client.Telemetry", "..\..\porting-assistant-dotnet-client\src\PortingAssistant.Client.Telemetry\PortingAssistant.Client.Telemetry.csproj", "{EEBD1B13-6597-47A9-927E-9D55DFE1AA0C}"
EndProject
Project("{9A19103F-16F7-4668-BE54-9A1E7A4F7556}") = "CTA.Rules.PortCore", "..\..\cta\src\CTA.Rules.PortCore\CTA.Rules.PortCore.csproj", "{B8ED9F06-81B9-4907-88FC-ED880E18783D}"
EndProject
Global
	GlobalSection(SolutionConfigurationPlatforms) = preSolution
		Debug|Any CPU = Debug|Any CPU
		Debug|x86 = Debug|x86
		Release|Any CPU = Release|Any CPU
		Release|x86 = Release|x86
	EndGlobalSection
	GlobalSection(ProjectConfigurationPlatforms) = postSolution
		{C5AB8561-6942-4447-B5BC-E9035F07C037}.Debug|Any CPU.ActiveCfg = Debug|Any CPU
		{C5AB8561-6942-4447-B5BC-E9035F07C037}.Debug|Any CPU.Build.0 = Debug|Any CPU
		{C5AB8561-6942-4447-B5BC-E9035F07C037}.Debug|x86.ActiveCfg = Debug|Any CPU
		{C5AB8561-6942-4447-B5BC-E9035F07C037}.Debug|x86.Build.0 = Debug|Any CPU
		{C5AB8561-6942-4447-B5BC-E9035F07C037}.Release|Any CPU.ActiveCfg = Release|Any CPU
		{C5AB8561-6942-4447-B5BC-E9035F07C037}.Release|Any CPU.Build.0 = Release|Any CPU
		{C5AB8561-6942-4447-B5BC-E9035F07C037}.Release|x86.ActiveCfg = Release|Any CPU
		{C5AB8561-6942-4447-B5BC-E9035F07C037}.Release|x86.Build.0 = Release|Any CPU
		{F8BE7265-AECD-4D6E-9AEB-A6CEB31FA4E4}.Debug|Any CPU.ActiveCfg = Debug|Any CPU
		{F8BE7265-AECD-4D6E-9AEB-A6CEB31FA4E4}.Debug|Any CPU.Build.0 = Debug|Any CPU
		{F8BE7265-AECD-4D6E-9AEB-A6CEB31FA4E4}.Debug|x86.ActiveCfg = Debug|Any CPU
		{F8BE7265-AECD-4D6E-9AEB-A6CEB31FA4E4}.Debug|x86.Build.0 = Debug|Any CPU
		{F8BE7265-AECD-4D6E-9AEB-A6CEB31FA4E4}.Release|Any CPU.ActiveCfg = Release|Any CPU
		{F8BE7265-AECD-4D6E-9AEB-A6CEB31FA4E4}.Release|Any CPU.Build.0 = Release|Any CPU
		{F8BE7265-AECD-4D6E-9AEB-A6CEB31FA4E4}.Release|x86.ActiveCfg = Release|Any CPU
		{F8BE7265-AECD-4D6E-9AEB-A6CEB31FA4E4}.Release|x86.Build.0 = Release|Any CPU
		{5C06E58C-8F0D-47DC-AF8C-B0C6ADE53661}.Debug|Any CPU.ActiveCfg = Debug|Any CPU
		{5C06E58C-8F0D-47DC-AF8C-B0C6ADE53661}.Debug|Any CPU.Build.0 = Debug|Any CPU
		{5C06E58C-8F0D-47DC-AF8C-B0C6ADE53661}.Debug|x86.ActiveCfg = Debug|Any CPU
		{5C06E58C-8F0D-47DC-AF8C-B0C6ADE53661}.Debug|x86.Build.0 = Debug|Any CPU
		{5C06E58C-8F0D-47DC-AF8C-B0C6ADE53661}.Release|Any CPU.ActiveCfg = Release|Any CPU
		{5C06E58C-8F0D-47DC-AF8C-B0C6ADE53661}.Release|Any CPU.Build.0 = Release|Any CPU
		{5C06E58C-8F0D-47DC-AF8C-B0C6ADE53661}.Release|x86.ActiveCfg = Release|Any CPU
		{5C06E58C-8F0D-47DC-AF8C-B0C6ADE53661}.Release|x86.Build.0 = Release|Any CPU
		{82311002-05CF-40B6-A5D1-9D7D6809A16C}.Debug|Any CPU.ActiveCfg = Debug|Any CPU
		{82311002-05CF-40B6-A5D1-9D7D6809A16C}.Debug|Any CPU.Build.0 = Debug|Any CPU
		{82311002-05CF-40B6-A5D1-9D7D6809A16C}.Debug|x86.ActiveCfg = Debug|Any CPU
		{82311002-05CF-40B6-A5D1-9D7D6809A16C}.Debug|x86.Build.0 = Debug|Any CPU
		{82311002-05CF-40B6-A5D1-9D7D6809A16C}.Release|Any CPU.ActiveCfg = Release|Any CPU
		{82311002-05CF-40B6-A5D1-9D7D6809A16C}.Release|Any CPU.Build.0 = Release|Any CPU
		{82311002-05CF-40B6-A5D1-9D7D6809A16C}.Release|x86.ActiveCfg = Release|Any CPU
		{82311002-05CF-40B6-A5D1-9D7D6809A16C}.Release|x86.Build.0 = Release|Any CPU
		{1D66ECB9-5E4A-47F0-BD62-10C4B291FDDC}.Debug|Any CPU.ActiveCfg = Debug|Any CPU
		{1D66ECB9-5E4A-47F0-BD62-10C4B291FDDC}.Debug|Any CPU.Build.0 = Debug|Any CPU
		{1D66ECB9-5E4A-47F0-BD62-10C4B291FDDC}.Debug|x86.ActiveCfg = Debug|x86
		{1D66ECB9-5E4A-47F0-BD62-10C4B291FDDC}.Debug|x86.Build.0 = Debug|x86
		{1D66ECB9-5E4A-47F0-BD62-10C4B291FDDC}.Release|Any CPU.ActiveCfg = Release|Any CPU
		{1D66ECB9-5E4A-47F0-BD62-10C4B291FDDC}.Release|Any CPU.Build.0 = Release|Any CPU
		{1D66ECB9-5E4A-47F0-BD62-10C4B291FDDC}.Release|x86.ActiveCfg = Release|x86
		{1D66ECB9-5E4A-47F0-BD62-10C4B291FDDC}.Release|x86.Build.0 = Release|x86
		{1D66ECB9-5E4A-47F0-BD62-10C4B291FDEF}.Debug|Any CPU.ActiveCfg = Debug|Any CPU
		{1D66ECB9-5E4A-47F0-BD62-10C4B291FDEF}.Debug|Any CPU.Build.0 = Debug|Any CPU
		{1D66ECB9-5E4A-47F0-BD62-10C4B291FDEF}.Debug|x86.ActiveCfg = Debug|x86
		{1D66ECB9-5E4A-47F0-BD62-10C4B291FDEF}.Debug|x86.Build.0 = Debug|x86
		{1D66ECB9-5E4A-47F0-BD62-10C4B291FDEF}.Release|Any CPU.ActiveCfg = Release|Any CPU
		{1D66ECB9-5E4A-47F0-BD62-10C4B291FDEF}.Release|Any CPU.Build.0 = Release|Any CPU
		{1D66ECB9-5E4A-47F0-BD62-10C4B291FDEF}.Release|x86.ActiveCfg = Release|x86
		{1D66ECB9-5E4A-47F0-BD62-10C4B291FDEF}.Release|x86.Build.0 = Release|x86
		{17DC272B-35D1-4F30-BF95-9A75B07921E3}.Debug|Any CPU.ActiveCfg = Debug|Any CPU
		{17DC272B-35D1-4F30-BF95-9A75B07921E3}.Debug|Any CPU.Build.0 = Debug|Any CPU
		{17DC272B-35D1-4F30-BF95-9A75B07921E3}.Debug|x86.ActiveCfg = Debug|Any CPU
		{17DC272B-35D1-4F30-BF95-9A75B07921E3}.Debug|x86.Build.0 = Debug|Any CPU
		{17DC272B-35D1-4F30-BF95-9A75B07921E3}.Release|Any CPU.ActiveCfg = Release|Any CPU
		{17DC272B-35D1-4F30-BF95-9A75B07921E3}.Release|Any CPU.Build.0 = Release|Any CPU
		{17DC272B-35D1-4F30-BF95-9A75B07921E3}.Release|x86.ActiveCfg = Release|Any CPU
		{17DC272B-35D1-4F30-BF95-9A75B07921E3}.Release|x86.Build.0 = Release|Any CPU
		{EF690584-845E-4D60-B945-B5B5ECA97F91}.Debug|Any CPU.ActiveCfg = Debug|Any CPU
		{EF690584-845E-4D60-B945-B5B5ECA97F91}.Debug|Any CPU.Build.0 = Debug|Any CPU
		{EF690584-845E-4D60-B945-B5B5ECA97F91}.Debug|x86.ActiveCfg = Debug|Any CPU
		{EF690584-845E-4D60-B945-B5B5ECA97F91}.Debug|x86.Build.0 = Debug|Any CPU
		{EF690584-845E-4D60-B945-B5B5ECA97F91}.Release|Any CPU.ActiveCfg = Release|Any CPU
		{EF690584-845E-4D60-B945-B5B5ECA97F91}.Release|Any CPU.Build.0 = Release|Any CPU
		{EF690584-845E-4D60-B945-B5B5ECA97F91}.Release|x86.ActiveCfg = Release|Any CPU
		{EF690584-845E-4D60-B945-B5B5ECA97F91}.Release|x86.Build.0 = Release|Any CPU
		{74CD4895-D96C-44C5-950C-C2528912620E}.Debug|Any CPU.ActiveCfg = Debug|Any CPU
		{74CD4895-D96C-44C5-950C-C2528912620E}.Debug|Any CPU.Build.0 = Debug|Any CPU
		{74CD4895-D96C-44C5-950C-C2528912620E}.Debug|x86.ActiveCfg = Debug|Any CPU
		{74CD4895-D96C-44C5-950C-C2528912620E}.Debug|x86.Build.0 = Debug|Any CPU
		{74CD4895-D96C-44C5-950C-C2528912620E}.Release|Any CPU.ActiveCfg = Release|Any CPU
		{74CD4895-D96C-44C5-950C-C2528912620E}.Release|Any CPU.Build.0 = Release|Any CPU
		{74CD4895-D96C-44C5-950C-C2528912620E}.Release|x86.ActiveCfg = Release|Any CPU
		{74CD4895-D96C-44C5-950C-C2528912620E}.Release|x86.Build.0 = Release|Any CPU
		{F5C4D5A2-C0D2-4912-BF87-89EDC663662C}.Debug|Any CPU.ActiveCfg = Debug|Any CPU
		{F5C4D5A2-C0D2-4912-BF87-89EDC663662C}.Debug|Any CPU.Build.0 = Debug|Any CPU
		{F5C4D5A2-C0D2-4912-BF87-89EDC663662C}.Debug|x86.ActiveCfg = Debug|Any CPU
		{F5C4D5A2-C0D2-4912-BF87-89EDC663662C}.Debug|x86.Build.0 = Debug|Any CPU
		{F5C4D5A2-C0D2-4912-BF87-89EDC663662C}.Release|Any CPU.ActiveCfg = Release|Any CPU
		{F5C4D5A2-C0D2-4912-BF87-89EDC663662C}.Release|Any CPU.Build.0 = Release|Any CPU
		{F5C4D5A2-C0D2-4912-BF87-89EDC663662C}.Release|x86.ActiveCfg = Release|Any CPU
		{F5C4D5A2-C0D2-4912-BF87-89EDC663662C}.Release|x86.Build.0 = Release|Any CPU
		{F957AC8D-283B-4A28-8163-28DCACFD3482}.Debug|Any CPU.ActiveCfg = Debug|Any CPU
		{F957AC8D-283B-4A28-8163-28DCACFD3482}.Debug|Any CPU.Build.0 = Debug|Any CPU
		{F957AC8D-283B-4A28-8163-28DCACFD3482}.Debug|x86.ActiveCfg = Debug|Any CPU
		{F957AC8D-283B-4A28-8163-28DCACFD3482}.Debug|x86.Build.0 = Debug|Any CPU
		{F957AC8D-283B-4A28-8163-28DCACFD3482}.Release|Any CPU.ActiveCfg = Release|Any CPU
		{F957AC8D-283B-4A28-8163-28DCACFD3482}.Release|Any CPU.Build.0 = Release|Any CPU
		{F957AC8D-283B-4A28-8163-28DCACFD3482}.Release|x86.ActiveCfg = Release|Any CPU
		{F957AC8D-283B-4A28-8163-28DCACFD3482}.Release|x86.Build.0 = Release|Any CPU
		{EEBD1B13-6597-47A9-927E-9D55DFE1AA0C}.Debug|Any CPU.ActiveCfg = Debug|Any CPU
		{EEBD1B13-6597-47A9-927E-9D55DFE1AA0C}.Debug|Any CPU.Build.0 = Debug|Any CPU
		{EEBD1B13-6597-47A9-927E-9D55DFE1AA0C}.Debug|x86.ActiveCfg = Debug|Any CPU
		{EEBD1B13-6597-47A9-927E-9D55DFE1AA0C}.Debug|x86.Build.0 = Debug|Any CPU
		{EEBD1B13-6597-47A9-927E-9D55DFE1AA0C}.Release|Any CPU.ActiveCfg = Release|Any CPU
		{EEBD1B13-6597-47A9-927E-9D55DFE1AA0C}.Release|Any CPU.Build.0 = Release|Any CPU
		{EEBD1B13-6597-47A9-927E-9D55DFE1AA0C}.Release|x86.ActiveCfg = Release|Any CPU
		{EEBD1B13-6597-47A9-927E-9D55DFE1AA0C}.Release|x86.Build.0 = Release|Any CPU
		{B8ED9F06-81B9-4907-88FC-ED880E18783D}.Debug|Any CPU.ActiveCfg = Debug|Any CPU
		{B8ED9F06-81B9-4907-88FC-ED880E18783D}.Debug|Any CPU.Build.0 = Debug|Any CPU
		{B8ED9F06-81B9-4907-88FC-ED880E18783D}.Debug|x86.ActiveCfg = Debug|Any CPU
		{B8ED9F06-81B9-4907-88FC-ED880E18783D}.Debug|x86.Build.0 = Debug|Any CPU
		{B8ED9F06-81B9-4907-88FC-ED880E18783D}.Release|Any CPU.ActiveCfg = Release|Any CPU
		{B8ED9F06-81B9-4907-88FC-ED880E18783D}.Release|Any CPU.Build.0 = Release|Any CPU
		{B8ED9F06-81B9-4907-88FC-ED880E18783D}.Release|x86.ActiveCfg = Release|Any CPU
		{B8ED9F06-81B9-4907-88FC-ED880E18783D}.Release|x86.Build.0 = Release|Any CPU
	EndGlobalSection
	GlobalSection(SolutionProperties) = preSolution
		HideSolutionNode = FALSE
	EndGlobalSection
	GlobalSection(ExtensibilityGlobals) = postSolution
		SolutionGuid = {9A9D6A4D-B535-4A98-BD2F-F56ACF430F09}
	EndGlobalSection
	GlobalSection(SharedMSBuildProjectFiles) = preSolution
		PortingAssistantExtensionClientShared\PortingAssistantExtensionClientShared.projitems*{1d66ecb9-5e4a-47f0-bd62-10c4b291fddc}*SharedItemsImports = 4
		PortingAssistantExtensionClientShared\PortingAssistantExtensionClientShared.projitems*{1d66ecb9-5e4a-47f0-bd62-10c4b291fdef}*SharedItemsImports = 4
		PortingAssistantExtensionClientShared\PortingAssistantExtensionClientShared.projitems*{90359de2-01a5-4346-b513-4b057de45ef8}*SharedItemsImports = 13
	EndGlobalSection
EndGlobal
